
Microsoft Visual Studio Solution File, Format Version 12.00
# Visual Studio 2013
VisualStudioVersion = 12.0.31101.0
MinimumVisualStudioVersion = 10.0.40219.1
Project("{2150E333-8FDC-42A3-9474-1A3956D46DE8}") = "Solution Items", "Solution Items", "{0C14AAE1-58C0-4EB3-B9C7-0A39E30A6234}"
	ProjectSection(SolutionItems) = preProject
		Local.testsettings = Local.testsettings
		NHibernate.CacheDb.vsmdi = NHibernate.CacheDb.vsmdi
		TraceAndTestImpact.testsettings = TraceAndTestImpact.testsettings
	EndProjectSection
EndProject
Project("{FAE04EC0-301F-11D3-BF4B-00C04F79EFBC}") = "NHibernate.CacheDb.Test", "NHibernate.CacheDb.Test\NHibernate.CacheDb.Test.csproj", "{E00D94B6-613B-4B31-BA98-56CA9F0F9710}"
EndProject
Project("{FAE04EC0-301F-11D3-BF4B-00C04F79EFBC}") = "NHibernate.CacheDb", "NHibernate.CacheDb\NHibernate.CacheDb.csproj", "{232504BE-4C0B-4335-B018-F7297436F1D4}"
EndProject
Project("{2150E333-8FDC-42A3-9474-1A3956D46DE8}") = ".nuget", ".nuget", "{4C48D7A9-4A80-46DE-8269-310E3A20CBC0}"
	ProjectSection(SolutionItems) = preProject
		.nuget\NuGet.Config = .nuget\NuGet.Config
		.nuget\NuGet.exe = .nuget\NuGet.exe
		.nuget\NuGet.targets = .nuget\NuGet.targets
	EndProjectSection
EndProject
Project("{FAE04EC0-301F-11D3-BF4B-00C04F79EFBC}") = "NHibernate.CacheDb.Sample", "NHibernate.CacheDb.Sample\NHibernate.CacheDb.Sample.csproj", "{09E0F025-C6B5-4D5A-9FF9-0F48C8B09DF3}"
EndProject
Project("{2150E333-8FDC-42A3-9474-1A3956D46DE8}") = "External", "External", "{691C28D5-2F5D-4CEC-874B-27D0A077B25F}"
	ProjectSection(SolutionItems) = preProject
		SharedLib\InterSystems.Data.CacheClient.dll = SharedLib\InterSystems.Data.CacheClient.dll
	EndProjectSection
EndProject
Global
	GlobalSection(SolutionConfigurationPlatforms) = preSolution
		Debug|Any CPU = Debug|Any CPU
		Release|Any CPU = Release|Any CPU
	EndGlobalSection
	GlobalSection(ProjectConfigurationPlatforms) = postSolution
		{E00D94B6-613B-4B31-BA98-56CA9F0F9710}.Debug|Any CPU.ActiveCfg = Debug|Any CPU
		{E00D94B6-613B-4B31-BA98-56CA9F0F9710}.Debug|Any CPU.Build.0 = Debug|Any CPU
		{E00D94B6-613B-4B31-BA98-56CA9F0F9710}.Release|Any CPU.ActiveCfg = Release|Any CPU
		{E00D94B6-613B-4B31-BA98-56CA9F0F9710}.Release|Any CPU.Build.0 = Release|Any CPU
		{232504BE-4C0B-4335-B018-F7297436F1D4}.Debug|Any CPU.ActiveCfg = Debug|Any CPU
		{232504BE-4C0B-4335-B018-F7297436F1D4}.Debug|Any CPU.Build.0 = Debug|Any CPU
		{232504BE-4C0B-4335-B018-F7297436F1D4}.Release|Any CPU.ActiveCfg = Release|Any CPU
		{232504BE-4C0B-4335-B018-F7297436F1D4}.Release|Any CPU.Build.0 = Release|Any CPU
		{09E0F025-C6B5-4D5A-9FF9-0F48C8B09DF3}.Debug|Any CPU.ActiveCfg = Debug|Any CPU
		{09E0F025-C6B5-4D5A-9FF9-0F48C8B09DF3}.Debug|Any CPU.Build.0 = Debug|Any CPU
		{09E0F025-C6B5-4D5A-9FF9-0F48C8B09DF3}.Release|Any CPU.ActiveCfg = Release|Any CPU
		{09E0F025-C6B5-4D5A-9FF9-0F48C8B09DF3}.Release|Any CPU.Build.0 = Release|Any CPU
	EndGlobalSection
	GlobalSection(SolutionProperties) = preSolution
		HideSolutionNode = FALSE
	EndGlobalSection
	GlobalSection(TestCaseManagementSettings) = postSolution
		CategoryFile = NHibernateCacheDb.vsmdi
	EndGlobalSection
EndGlobal
